
Microsoft Visual Studio Solution File, Format Version 12.00
# Visual Studio Version 17
VisualStudioVersion = 17.0.32014.148
MinimumVisualStudioVersion = 10.0.40219.1
Project("{FAE04EC0-301F-11D3-BF4B-00C04F79EFBC}") = "projekttovarna", "projekt továreň\projekttovarna.csproj", "{69C15331-780D-45F0-A0F2-680B4C300A1C}"
EndProject
Global
	GlobalSection(SolutionConfigurationPlatforms) = preSolution
		Debug|Any CPU = Debug|Any CPU
		Release|Any CPU = Release|Any CPU
	EndGlobalSection
	GlobalSection(ProjectConfigurationPlatforms) = postSolution
		{69C15331-780D-45F0-A0F2-680B4C300A1C}.Debug|Any CPU.ActiveCfg = Debug|Any CPU
		{69C15331-780D-45F0-A0F2-680B4C300A1C}.Debug|Any CPU.Build.0 = Debug|Any CPU
		{69C15331-780D-45F0-A0F2-680B4C300A1C}.Release|Any CPU.ActiveCfg = Release|Any CPU
		{69C15331-780D-45F0-A0F2-680B4C300A1C}.Release|Any CPU.Build.0 = Release|Any CPU
	EndGlobalSection
	GlobalSection(SolutionProperties) = preSolution
		HideSolutionNode = FALSE
	EndGlobalSection
	GlobalSection(ExtensibilityGlobals) = postSolution
		SolutionGuid = {1C3C9334-5029-4F15-9033-4A90453C85D3}
	EndGlobalSection
EndGlobal
